
Microsoft Visual Studio Solution File, Format Version 12.00
# Visual Studio Version 17
VisualStudioVersion = 17.0.31903.59
MinimumVisualStudioVersion = 10.0.40219.1
Project("{FAE04EC0-301F-11D3-BF4B-00C04F79EFBC}") = "Commons", "Commons\Commons.csproj", "{1A54C4C7-BFF2-494D-9473-F73CF2B75E48}"
EndProject
Project("{FAE04EC0-301F-11D3-BF4B-00C04F79EFBC}") = "Monolito", "Monolito\Monolito.csproj", "{3285399F-6941-49FF-BB16-BF562D0C302A}"
EndProject
Project("{FAE04EC0-301F-11D3-BF4B-00C04F79EFBC}") = "Grpc", "Grpc\Grpc.csproj", "{7F2B9187-DF39-4977-9DC9-F1134790EB52}"
EndProject
Project("{FAE04EC0-301F-11D3-BF4B-00C04F79EFBC}") = "Workers", "Workers\Workers.csproj", "{9C15FA44-7FCA-4E8E-842F-3FD603D3DFF5}"
EndProject
Global
	GlobalSection(SolutionConfigurationPlatforms) = preSolution
		Debug|Any CPU = Debug|Any CPU
		Release|Any CPU = Release|Any CPU
	EndGlobalSection
	GlobalSection(SolutionProperties) = preSolution
		HideSolutionNode = FALSE
	EndGlobalSection
	GlobalSection(ProjectConfigurationPlatforms) = postSolution
		{1A54C4C7-BFF2-494D-9473-F73CF2B75E48}.Debug|Any CPU.ActiveCfg = Debug|Any CPU
		{1A54C4C7-BFF2-494D-9473-F73CF2B75E48}.Debug|Any CPU.Build.0 = Debug|Any CPU
		{1A54C4C7-BFF2-494D-9473-F73CF2B75E48}.Release|Any CPU.ActiveCfg = Release|Any CPU
		{1A54C4C7-BFF2-494D-9473-F73CF2B75E48}.Release|Any CPU.Build.0 = Release|Any CPU
		{3285399F-6941-49FF-BB16-BF562D0C302A}.Debug|Any CPU.ActiveCfg = Debug|Any CPU
		{3285399F-6941-49FF-BB16-BF562D0C302A}.Debug|Any CPU.Build.0 = Debug|Any CPU
		{3285399F-6941-49FF-BB16-BF562D0C302A}.Release|Any CPU.ActiveCfg = Release|Any CPU
		{3285399F-6941-49FF-BB16-BF562D0C302A}.Release|Any CPU.Build.0 = Release|Any CPU
		{7F2B9187-DF39-4977-9DC9-F1134790EB52}.Debug|Any CPU.ActiveCfg = Debug|Any CPU
		{7F2B9187-DF39-4977-9DC9-F1134790EB52}.Debug|Any CPU.Build.0 = Debug|Any CPU
		{7F2B9187-DF39-4977-9DC9-F1134790EB52}.Release|Any CPU.ActiveCfg = Release|Any CPU
		{7F2B9187-DF39-4977-9DC9-F1134790EB52}.Release|Any CPU.Build.0 = Release|Any CPU
		{9C15FA44-7FCA-4E8E-842F-3FD603D3DFF5}.Debug|Any CPU.ActiveCfg = Debug|Any CPU
		{9C15FA44-7FCA-4E8E-842F-3FD603D3DFF5}.Debug|Any CPU.Build.0 = Debug|Any CPU
		{9C15FA44-7FCA-4E8E-842F-3FD603D3DFF5}.Release|Any CPU.ActiveCfg = Release|Any CPU
		{9C15FA44-7FCA-4E8E-842F-3FD603D3DFF5}.Release|Any CPU.Build.0 = Release|Any CPU
	EndGlobalSection
EndGlobal
